// !$*UTF8*$!
{
	archiveVersion = 1;
	classes = {
	};
	objectVersion = 56;
	objects = {

/* Begin PBXBuildFile section */
		001 /* ExpeditionPlannerApp.swift in Sources */ = {isa = PBXBuildFile; fileRef = 101 /* ExpeditionPlannerApp.swift */; };
		002 /* ContentView.swift in Sources */ = {isa = PBXBuildFile; fileRef = 102 /* ContentView.swift */; };
		003 /* Expedition.swift in Sources */ = {isa = PBXBuildFile; fileRef = 103 /* Expedition.swift */; };
		004 /* ItineraryDay.swift in Sources */ = {isa = PBXBuildFile; fileRef = 104 /* ItineraryDay.swift */; };
		005 /* GearItem.swift in Sources */ = {isa = PBXBuildFile; fileRef = 105 /* GearItem.swift */; };
		006 /* Participant.swift in Sources */ = {isa = PBXBuildFile; fileRef = 106 /* Participant.swift */; };
		007 /* Contact.swift in Sources */ = {isa = PBXBuildFile; fileRef = 107 /* Contact.swift */; };
		008 /* ResupplyPoint.swift in Sources */ = {isa = PBXBuildFile; fileRef = 108 /* ResupplyPoint.swift */; };
		009 /* Permit.swift in Sources */ = {isa = PBXBuildFile; fileRef = 109 /* Permit.swift */; };
		010 /* BudgetItem.swift in Sources */ = {isa = PBXBuildFile; fileRef = 110 /* BudgetItem.swift */; };
		011 /* RiskAssessment.swift in Sources */ = {isa = PBXBuildFile; fileRef = 111 /* RiskAssessment.swift */; };
		012 /* ExpeditionListView.swift in Sources */ = {isa = PBXBuildFile; fileRef = 112 /* ExpeditionListView.swift */; };
		013 /* ExpeditionDetailView.swift in Sources */ = {isa = PBXBuildFile; fileRef = 113 /* ExpeditionDetailView.swift */; };
		014 /* ExpeditionFormView.swift in Sources */ = {isa = PBXBuildFile; fileRef = 114 /* ExpeditionFormView.swift */; };
		015 /* SettingsView.swift in Sources */ = {isa = PBXBuildFile; fileRef = 115 /* SettingsView.swift */; };
		016 /* Extensions.swift in Sources */ = {isa = PBXBuildFile; fileRef = 116 /* Extensions.swift */; };
		017 /* Constants.swift in Sources */ = {isa = PBXBuildFile; fileRef = 117 /* Constants.swift */; };
		03CE01C72EC221C22AE9CBED /* ResupplyViewModel.swift in Sources */ = {isa = PBXBuildFile; fileRef = 9B695CF83D907365368C6CE8 /* ResupplyViewModel.swift */; };
		0434DF32B009E858DC8E9A63 /* SyncStatusService.swift in Sources */ = {isa = PBXBuildFile; fileRef = 9466AF824266C9E22E26D382 /* SyncStatusService.swift */; };
		12D1237E0A95E3900EADD1F3 /* ParticipantRowView.swift in Sources */ = {isa = PBXBuildFile; fileRef = 3A1FC338C8D0EFE57DAB06FC /* ParticipantRowView.swift */; };
		16F203884CCD133A44A52959 /* SyncStatusTests.swift in Sources */ = {isa = PBXBuildFile; fileRef = F838156F315826CE7A62ED8E /* SyncStatusTests.swift */; };
		1BEC93D511E36E74419B8317 /* PermitTests.swift in Sources */ = {isa = PBXBuildFile; fileRef = 5552BA5C06A302D245BA3672 /* PermitTests.swift */; };
		1EEA31308684686E7B8DDF65 /* PermitDetailView.swift in Sources */ = {isa = PBXBuildFile; fileRef = FC690067BE946357BB56A4A6 /* PermitDetailView.swift */; };
		20D7F65F2BB9EA66B7DCC9E5 /* BudgetViewModel.swift in Sources */ = {isa = PBXBuildFile; fileRef = 68C05A1EE532F355330D8DA1 /* BudgetViewModel.swift */; };
		216299D046B3EB3BDCB18A23 /* ParticipantFormView.swift in Sources */ = {isa = PBXBuildFile; fileRef = DB044253DE60443329BB0042 /* ParticipantFormView.swift */; };
		30DAAED01F397756C2C2EFE6 /* InsurancePolicyFormView.swift in Sources */ = {isa = PBXBuildFile; fileRef = 0FDBF6E9789DB98ADD88CDD5 /* InsurancePolicyFormView.swift */; };
		35D8A5A9D123FF0CFCC14D47 /* ContactDetailView.swift in Sources */ = {isa = PBXBuildFile; fileRef = 53F8F49FB58474374C87E0C8 /* ContactDetailView.swift */; };
		3BD05D2DBAC0F7C507B740DB /* WeatherService.swift in Sources */ = {isa = PBXBuildFile; fileRef = 27F28D321016A515D0131114 /* WeatherService.swift */; };
		42B5FA5CD893B59B9EA3E35C /* ShelterViewModel.swift in Sources */ = {isa = PBXBuildFile; fileRef = 19048C3A13B24CE36258073E /* ShelterViewModel.swift */; };
		4A6AFC24FCCB923BA219EAE7 /* RiskAssessmentTests.swift in Sources */ = {isa = PBXBuildFile; fileRef = 7CAA145005D9C1328FCCE90C /* RiskAssessmentTests.swift */; };
		545A185D43905CE68659B7A0 /* BudgetSummaryView.swift in Sources */ = {isa = PBXBuildFile; fileRef = 3A75D81BD6B24C84B3179692 /* BudgetSummaryView.swift */; };
		572D98B22CC6532AB7627364 /* PermitFormView.swift in Sources */ = {isa = PBXBuildFile; fileRef = 60B9BBEA0060C806CC82259D /* PermitFormView.swift */; };
		589FAA86C9EE6EF81411A39D /* InsurancePolicy.swift in Sources */ = {isa = PBXBuildFile; fileRef = 68E92BDDB7AEFED01271D196 /* InsurancePolicy.swift */; };
		5CC21C3CDC82C325E3270A9F /* WeatherForecast.swift in Sources */ = {isa = PBXBuildFile; fileRef = D10F30939006C038063EA0D9 /* WeatherForecast.swift */; };
		5D31AA674A3496D0FD0CAF5C /* ContactViewModel.swift in Sources */ = {isa = PBXBuildFile; fileRef = D084EDF6F0A6D4580D88A9A7 /* ContactViewModel.swift */; };
		5F05E129F7D1B6435E233078 /* GearViewModel.swift in Sources */ = {isa = PBXBuildFile; fileRef = 341D5CEB0D1625516B2B6D66 /* GearViewModel.swift */; };
		5FDA49215E8CFAC4E534312D /* DayWeatherCard.swift in Sources */ = {isa = PBXBuildFile; fileRef = 20E01CD7265998A303456854 /* DayWeatherCard.swift */; };
		64BADD0DC57BA65EA41AFC26 /* BudgetListView.swift in Sources */ = {isa = PBXBuildFile; fileRef = 891B27DD79F8EB983B3174C1 /* BudgetListView.swift */; };
		7AC8DA71EDC18DA9E5060BEF /* ShelterDetailView.swift in Sources */ = {isa = PBXBuildFile; fileRef = 5E6C15CE83AC38C6CF3D5954 /* ShelterDetailView.swift */; };
		7B5DF9794AF9DCF6A9CE7E36 /* InsuranceViewModel.swift in Sources */ = {isa = PBXBuildFile; fileRef = 1A976D9B7F821FC04903A551 /* InsuranceViewModel.swift */; };
		7B9052BA80EF036CC2107B18 /* ResupplyListView.swift in Sources */ = {isa = PBXBuildFile; fileRef = 952B6E770951CDC5A814EB29 /* ResupplyListView.swift */; };
		7E53B33845652D02CE5FC096 /* ShelterListView.swift in Sources */ = {isa = PBXBuildFile; fileRef = 62A3DD0568D5FB2AF37AA4E4 /* ShelterListView.swift */; };
		7F132CC562E2135D1F4A1CFB /* GearItemTests.swift in Sources */ = {isa = PBXBuildFile; fileRef = 8DD483224C02737F12235F86 /* GearItemTests.swift */; };
		839D033CF69CA3466455B47E /* PermitListView.swift in Sources */ = {isa = PBXBuildFile; fileRef = 51A0C5FF44AA00B94F0ABC14 /* PermitListView.swift */; };
		88C4ECFBD2D5EF1B868418B7 /* ShelterFormView.swift in Sources */ = {isa = PBXBuildFile; fileRef = 92318202FC80142AFC622A3E /* ShelterFormView.swift */; };
		89B1255036CA3DF2223706C5 /* CSVExportService.swift in Sources */ = {isa = PBXBuildFile; fileRef = 6ECAA25E019B53031A2B27FC /* CSVExportService.swift */; };
		8D5F29D6CA94C27A34F6442E /* PermitViewModel.swift in Sources */ = {isa = PBXBuildFile; fileRef = 48A2E1CFF6B84CBF61B1C050 /* PermitViewModel.swift */; };
		92A2EFDBCCD3955B58965169 /* InsuranceListView.swift in Sources */ = {isa = PBXBuildFile; fileRef = 3DDF2373A32170A2DE1FCD9E /* InsuranceListView.swift */; };
		9658AC370CEBDBC5BF55A1C9 /* InsurancePolicyDetailView.swift in Sources */ = {isa = PBXBuildFile; fileRef = 5E72D58DB17708CFF27CE1FB /* InsurancePolicyDetailView.swift */; };
		995C9B3B4C43AC5ECAFC5C0F /* GearListView.swift in Sources */ = {isa = PBXBuildFile; fileRef = F06524D6F730DD87F845552C /* GearListView.swift */; };
		99B78C126CB839E1BE762EC5 /* DayWeatherGroupBox.swift in Sources */ = {isa = PBXBuildFile; fileRef = 8C4CF6231BB178A3DE617DC2 /* DayWeatherGroupBox.swift */; };
		A038984F5B4E0CD105607A79 /* ContactListView.swift in Sources */ = {isa = PBXBuildFile; fileRef = 20A34FDFEB22A2ECDFEE5051 /* ContactListView.swift */; };
		A1276CA526054A3CFA3C6CFF /* GearRowView.swift in Sources */ = {isa = PBXBuildFile; fileRef = C4CC970EF31F11B723572AD0 /* GearRowView.swift */; };
		A17ABF512B802147EAAD8234 /* SyncStatusView.swift in Sources */ = {isa = PBXBuildFile; fileRef = 870068EBAAFFD661A688E177 /* SyncStatusView.swift */; };
		A89CD27CE61E4585A3C15C92 /* ResupplyDetailView.swift in Sources */ = {isa = PBXBuildFile; fileRef = D9990431B8384CA2672FF2A4 /* ResupplyDetailView.swift */; };
		AB378C09FDD37EDBF0EAD77E /* WeatherViewModel.swift in Sources */ = {isa = PBXBuildFile; fileRef = 5D5151A65F2947A0FA54D821 /* WeatherViewModel.swift */; };
		AD6ED5D1E07BAA908FB94A78 /* ParticipantViewModel.swift in Sources */ = {isa = PBXBuildFile; fileRef = 49D3A01A76C33AA0E6F0FCDC /* ParticipantViewModel.swift */; };
		B08C0A233ADDC7301F0BE8F6 /* GearItemFormView.swift in Sources */ = {isa = PBXBuildFile; fileRef = B0136F567FEF4A9E645C0B0B /* GearItemFormView.swift */; };
		B18A6BAB6161B0E4EF9EFBEB /* ResupplyRowView.swift in Sources */ = {isa = PBXBuildFile; fileRef = FA0CA53E3DB6A03FE588B6DC /* ResupplyRowView.swift */; };
		B2603F6A5E66127766D22483 /* SettingsTests.swift in Sources */ = {isa = PBXBuildFile; fileRef = 05DAF26198831311ED26B68A /* SettingsTests.swift */; };
		B92022465767C646AD0815FF /* ResupplyFormView.swift in Sources */ = {isa = PBXBuildFile; fileRef = D24F7CCF9E0A973BE0A30699 /* ResupplyFormView.swift */; };
		BB0F4CB60B477009042ED4F3 /* BudgetRowView.swift in Sources */ = {isa = PBXBuildFile; fileRef = 3620B6287A001ED5CFD199FD /* BudgetRowView.swift */; };
		C64659D0A5524695E1449305 /* HistoricalClimate.swift in Sources */ = {isa = PBXBuildFile; fileRef = 47705312316727090D596DF1 /* HistoricalClimate.swift */; };
		D0798DE893E88927B17C79FA /* BudgetItemTests.swift in Sources */ = {isa = PBXBuildFile; fileRef = D5CDB4E5EE621043FC53681E /* BudgetItemTests.swift */; };
		D0EF35EF3BB9B87B42FFB895 /* BudgetItemFormView.swift in Sources */ = {isa = PBXBuildFile; fileRef = 80D45F2FC3782BADD746A22B /* BudgetItemFormView.swift */; };
		D20736F5A4CABB41BC40A0DD /* PermitRowView.swift in Sources */ = {isa = PBXBuildFile; fileRef = C82CF15D4837783B7112C44B /* PermitRowView.swift */; };
		D35C54D296D064BE6CD08B59 /* PDFExportService.swift in Sources */ = {isa = PBXBuildFile; fileRef = C512B137A913FAAF4A29C0C7 /* PDFExportService.swift */; };
		D8551DBA5958E7D6285F51A0 /* ParticipantListView.swift in Sources */ = {isa = PBXBuildFile; fileRef = A2E3C94F08CF7709C8B84434 /* ParticipantListView.swift */; };
		DB32E85BF1A78FFBF77F5C6C /* Foundation.framework in Frameworks */ = {isa = PBXBuildFile; fileRef = 420ACEE4498D5E1FBCDC913E /* Foundation.framework */; };
		E4C85E5AED5918E25D1C0F87 /* ExpeditionTests.swift in Sources */ = {isa = PBXBuildFile; fileRef = D1378969E397E8702EC17877 /* ExpeditionTests.swift */; };
		EAFA9239313F8B95F88193E7 /* ContactFormView.swift in Sources */ = {isa = PBXBuildFile; fileRef = 3E838034CAE71A826A816B58 /* ContactFormView.swift */; };
		ED5BF9CE473F11A025775732 /* ItineraryDayTests.swift in Sources */ = {isa = PBXBuildFile; fileRef = 3BCF1EDCF7A127F6EFDB3C9C /* ItineraryDayTests.swift */; };
		F02F02E586F929B8DFA99DFC /* WeightSummaryView.swift in Sources */ = {isa = PBXBuildFile; fileRef = 8E7E3C130067A7AA87459DD0 /* WeightSummaryView.swift */; };
		F232F6609543E654078AD267 /* Shelter.swift in Sources */ = {isa = PBXBuildFile; fileRef = 953CFB3C4F714B47108640E3 /* Shelter.swift */; };
		F460DB2D6299AB4D2AFD2CB3 /* ParticipantDetailView.swift in Sources */ = {isa = PBXBuildFile; fileRef = 856BCE3A7D33E4FA6D1AFD44 /* ParticipantDetailView.swift */; };
		FCE358CE0B5A7860B5ED4780 /* ContactRowView.swift in Sources */ = {isa = PBXBuildFile; fileRef = CFE4C70C8F614AF34A5505A5 /* ContactRowView.swift */; };
		FE46E478E7D733AA391D6C97 /* WeatherSectionView.swift in Sources */ = {isa = PBXBuildFile; fileRef = EAF1E024A6E21347C44900D5 /* WeatherSectionView.swift */; };
		LL001 /* LakeLouiseService.swift in Sources */ = {isa = PBXBuildFile; fileRef = LL101 /* LakeLouiseService.swift */; };
		LL002 /* LakeLouiseScoreView.swift in Sources */ = {isa = PBXBuildFile; fileRef = LL102 /* LakeLouiseScoreView.swift */; };
		LLT01 /* LakeLouiseServiceTests.swift in Sources */ = {isa = PBXBuildFile; fileRef = LLT101 /* LakeLouiseServiceTests.swift */; };
		P2001 /* ElevationService.swift in Sources */ = {isa = PBXBuildFile; fileRef = P2101 /* ElevationService.swift */; };
		P2002 /* ItineraryViewModel.swift in Sources */ = {isa = PBXBuildFile; fileRef = P2102 /* ItineraryViewModel.swift */; };
		P2003 /* DayFormViewModel.swift in Sources */ = {isa = PBXBuildFile; fileRef = P2103 /* DayFormViewModel.swift */; };
		P2004 /* ItineraryView.swift in Sources */ = {isa = PBXBuildFile; fileRef = P2104 /* ItineraryView.swift */; };
		P2005 /* ItineraryDayRowView.swift in Sources */ = {isa = PBXBuildFile; fileRef = P2105 /* ItineraryDayRowView.swift */; };
		P2006 /* DayFormView.swift in Sources */ = {isa = PBXBuildFile; fileRef = P2106 /* DayFormView.swift */; };
		P2007 /* DayDetailView.swift in Sources */ = {isa = PBXBuildFile; fileRef = P2107 /* DayDetailView.swift */; };
		P2008 /* ElevationChartView.swift in Sources */ = {isa = PBXBuildFile; fileRef = P2108 /* ElevationChartView.swift */; };
		P2009 /* ElevationInputView.swift in Sources */ = {isa = PBXBuildFile; fileRef = P2109 /* ElevationInputView.swift */; };
		P2010 /* LocationPickerView.swift in Sources */ = {isa = PBXBuildFile; fileRef = P2110 /* LocationPickerView.swift */; };
		P2011 /* ActivityTypePicker.swift in Sources */ = {isa = PBXBuildFile; fileRef = P2111 /* ActivityTypePicker.swift */; };
		P2012 /* AcclimatizationWarningView.swift in Sources */ = {isa = PBXBuildFile; fileRef = P2112 /* AcclimatizationWarningView.swift */; };
		P2T01 /* ElevationServiceTests.swift in Sources */ = {isa = PBXBuildFile; fileRef = P2T101 /* ElevationServiceTests.swift */; };
		P2T02 /* ItineraryViewModelTests.swift in Sources */ = {isa = PBXBuildFile; fileRef = P2T102 /* ItineraryViewModelTests.swift */; };
		RM001 /* DistanceService.swift in Sources */ = {isa = PBXBuildFile; fileRef = RM101 /* DistanceService.swift */; };
		RM002 /* RouteService.swift in Sources */ = {isa = PBXBuildFile; fileRef = RM102 /* RouteService.swift */; };
		RM003 /* GPXService.swift in Sources */ = {isa = PBXBuildFile; fileRef = RM103 /* GPXService.swift */; };
		RM004 /* RouteMapViewModel.swift in Sources */ = {isa = PBXBuildFile; fileRef = RM104 /* RouteMapViewModel.swift */; };
		RM005 /* RouteMapView.swift in Sources */ = {isa = PBXBuildFile; fileRef = RM105 /* RouteMapView.swift */; };
		RM006 /* WaypointMarkerView.swift in Sources */ = {isa = PBXBuildFile; fileRef = RM106 /* WaypointMarkerView.swift */; };
		RM007 /* WaypointDetailSheet.swift in Sources */ = {isa = PBXBuildFile; fileRef = RM107 /* WaypointDetailSheet.swift */; };
		RM008 /* RouteMapOverlayView.swift in Sources */ = {isa = PBXBuildFile; fileRef = RM108 /* RouteMapOverlayView.swift */; };
		RM009 /* GPXImportView.swift in Sources */ = {isa = PBXBuildFile; fileRef = RM109 /* GPXImportView.swift */; };
		RM010 /* LocationManager.swift in Sources */ = {isa = PBXBuildFile; fileRef = RM110 /* LocationManager.swift */; };
		RM011 /* ShelterService.swift in Sources */ = {isa = PBXBuildFile; fileRef = RM111 /* ShelterService.swift */; };
		RM012 /* MapCacheService.swift in Sources */ = {isa = PBXBuildFile; fileRef = RM112 /* MapCacheService.swift */; };
		RM013 /* RouteMapSheets.swift in Sources */ = {isa = PBXBuildFile; fileRef = RM113 /* RouteMapSheets.swift */; };
		RMT01 /* DistanceServiceTests.swift in Sources */ = {isa = PBXBuildFile; fileRef = RMT101 /* DistanceServiceTests.swift */; };
		RMT02 /* GPXServiceTests.swift in Sources */ = {isa = PBXBuildFile; fileRef = RMT102 /* GPXServiceTests.swift */; };
		RMT03 /* RouteServiceTests.swift in Sources */ = {isa = PBXBuildFile; fileRef = RMT103 /* RouteServiceTests.swift */; };
/* End PBXBuildFile section */

/* Begin PBXContainerItemProxy section */
		2B8E61F0D7FDD72C33590683 /* PBXContainerItemProxy */ = {
			isa = PBXContainerItemProxy;
			containerPortal = 600 /* Project object */;
			proxyType = 1;
			remoteGlobalIDString = 400;
			remoteInfo = ExpeditionPlanner;
		};
/* End PBXContainerItemProxy section */

/* Begin PBXFileReference section */
		05DAF26198831311ED26B68A /* SettingsTests.swift */ = {isa = PBXFileReference; includeInIndex = 1; lastKnownFileType = sourcecode.swift; path = SettingsTests.swift; sourceTree = "<group>"; };
		0FDBF6E9789DB98ADD88CDD5 /* InsurancePolicyFormView.swift */ = {isa = PBXFileReference; includeInIndex = 1; lastKnownFileType = sourcecode.swift; path = InsurancePolicyFormView.swift; sourceTree = "<group>"; };
		100 /* ExpeditionPlanner.app */ = {isa = PBXFileReference; explicitFileType = wrapper.application; includeInIndex = 0; path = ExpeditionPlanner.app; sourceTree = BUILT_PRODUCTS_DIR; };
		101 /* ExpeditionPlannerApp.swift */ = {isa = PBXFileReference; lastKnownFileType = sourcecode.swift; path = ExpeditionPlannerApp.swift; sourceTree = "<group>"; };
		102 /* ContentView.swift */ = {isa = PBXFileReference; lastKnownFileType = sourcecode.swift; path = ContentView.swift; sourceTree = "<group>"; };
		103 /* Expedition.swift */ = {isa = PBXFileReference; lastKnownFileType = sourcecode.swift; path = Expedition.swift; sourceTree = "<group>"; };
		104 /* ItineraryDay.swift */ = {isa = PBXFileReference; lastKnownFileType = sourcecode.swift; path = ItineraryDay.swift; sourceTree = "<group>"; };
		105 /* GearItem.swift */ = {isa = PBXFileReference; lastKnownFileType = sourcecode.swift; path = GearItem.swift; sourceTree = "<group>"; };
		106 /* Participant.swift */ = {isa = PBXFileReference; lastKnownFileType = sourcecode.swift; path = Participant.swift; sourceTree = "<group>"; };
		107 /* Contact.swift */ = {isa = PBXFileReference; lastKnownFileType = sourcecode.swift; path = Contact.swift; sourceTree = "<group>"; };
		108 /* ResupplyPoint.swift */ = {isa = PBXFileReference; lastKnownFileType = sourcecode.swift; path = ResupplyPoint.swift; sourceTree = "<group>"; };
		109 /* Permit.swift */ = {isa = PBXFileReference; lastKnownFileType = sourcecode.swift; path = Permit.swift; sourceTree = "<group>"; };
		110 /* BudgetItem.swift */ = {isa = PBXFileReference; lastKnownFileType = sourcecode.swift; path = BudgetItem.swift; sourceTree = "<group>"; };
		111 /* RiskAssessment.swift */ = {isa = PBXFileReference; lastKnownFileType = sourcecode.swift; path = RiskAssessment.swift; sourceTree = "<group>"; };
		112 /* ExpeditionListView.swift */ = {isa = PBXFileReference; lastKnownFileType = sourcecode.swift; path = ExpeditionListView.swift; sourceTree = "<group>"; };
		113 /* ExpeditionDetailView.swift */ = {isa = PBXFileReference; lastKnownFileType = sourcecode.swift; path = ExpeditionDetailView.swift; sourceTree = "<group>"; };
		114 /* ExpeditionFormView.swift */ = {isa = PBXFileReference; lastKnownFileType = sourcecode.swift; path = ExpeditionFormView.swift; sourceTree = "<group>"; };
		115 /* SettingsView.swift */ = {isa = PBXFileReference; lastKnownFileType = sourcecode.swift; path = SettingsView.swift; sourceTree = "<group>"; };
		116 /* Extensions.swift */ = {isa = PBXFileReference; lastKnownFileType = sourcecode.swift; path = Extensions.swift; sourceTree = "<group>"; };
		117 /* Constants.swift */ = {isa = PBXFileReference; lastKnownFileType = sourcecode.swift; path = Constants.swift; sourceTree = "<group>"; };
		118 /* ExpeditionPlanner.entitlements */ = {isa = PBXFileReference; lastKnownFileType = text.plist.entitlements; path = ExpeditionPlanner.entitlements; sourceTree = "<group>"; };
		119 /* Info.plist */ = {isa = PBXFileReference; lastKnownFileType = text.plist.xml; path = Info.plist; sourceTree = "<group>"; };
		19048C3A13B24CE36258073E /* ShelterViewModel.swift */ = {isa = PBXFileReference; includeInIndex = 1; lastKnownFileType = sourcecode.swift; path = ShelterViewModel.swift; sourceTree = "<group>"; };
		1A976D9B7F821FC04903A551 /* InsuranceViewModel.swift */ = {isa = PBXFileReference; includeInIndex = 1; lastKnownFileType = sourcecode.swift; path = InsuranceViewModel.swift; sourceTree = "<group>"; };
		20A34FDFEB22A2ECDFEE5051 /* ContactListView.swift */ = {isa = PBXFileReference; includeInIndex = 1; lastKnownFileType = sourcecode.swift; path = ../Views/Logistics/Contacts/ContactListView.swift; sourceTree = "<group>"; };
		20E01CD7265998A303456854 /* DayWeatherCard.swift */ = {isa = PBXFileReference; includeInIndex = 1; lastKnownFileType = sourcecode.swift; path = DayWeatherCard.swift; sourceTree = "<group>"; };
		27F28D321016A515D0131114 /* WeatherService.swift */ = {isa = PBXFileReference; includeInIndex = 1; lastKnownFileType = sourcecode.swift; path = WeatherService.swift; sourceTree = "<group>"; };
		341D5CEB0D1625516B2B6D66 /* GearViewModel.swift */ = {isa = PBXFileReference; includeInIndex = 1; lastKnownFileType = sourcecode.swift; path = GearViewModel.swift; sourceTree = "<group>"; };
		3620B6287A001ED5CFD199FD /* BudgetRowView.swift */ = {isa = PBXFileReference; includeInIndex = 1; lastKnownFileType = sourcecode.swift; path = ../Views/Budget/BudgetRowView.swift; sourceTree = "<group>"; };
		3A1FC338C8D0EFE57DAB06FC /* ParticipantRowView.swift */ = {isa = PBXFileReference; includeInIndex = 1; lastKnownFileType = sourcecode.swift; path = ../Views/Logistics/Participants/ParticipantRowView.swift; sourceTree = "<group>"; };
		3A75D81BD6B24C84B3179692 /* BudgetSummaryView.swift */ = {isa = PBXFileReference; includeInIndex = 1; lastKnownFileType = sourcecode.swift; path = ../Views/Budget/BudgetSummaryView.swift; sourceTree = "<group>"; };
		3BCF1EDCF7A127F6EFDB3C9C /* ItineraryDayTests.swift */ = {isa = PBXFileReference; includeInIndex = 1; lastKnownFileType = sourcecode.swift; path = ItineraryDayTests.swift; sourceTree = "<group>"; };
		3DDF2373A32170A2DE1FCD9E /* InsuranceListView.swift */ = {isa = PBXFileReference; includeInIndex = 1; lastKnownFileType = sourcecode.swift; path = InsuranceListView.swift; sourceTree = "<group>"; };
		3E838034CAE71A826A816B58 /* ContactFormView.swift */ = {isa = PBXFileReference; includeInIndex = 1; lastKnownFileType = sourcecode.swift; path = ../Views/Logistics/Contacts/ContactFormView.swift; sourceTree = "<group>"; };
		420ACEE4498D5E1FBCDC913E /* Foundation.framework */ = {isa = PBXFileReference; lastKnownFileType = wrapper.framework; name = Foundation.framework; path = Platforms/iPhoneOS.platform/Developer/SDKs/iPhoneOS18.0.sdk/System/Library/Frameworks/Foundation.framework; sourceTree = DEVELOPER_DIR; };
		47705312316727090D596DF1 /* HistoricalClimate.swift */ = {isa = PBXFileReference; lastKnownFileType = sourcecode.swift; path = HistoricalClimate.swift; sourceTree = "<group>"; };
		48A2E1CFF6B84CBF61B1C050 /* PermitViewModel.swift */ = {isa = PBXFileReference; includeInIndex = 1; lastKnownFileType = sourcecode.swift; path = ../ViewModels/PermitViewModel.swift; sourceTree = "<group>"; };
		49D3A01A76C33AA0E6F0FCDC /* ParticipantViewModel.swift */ = {isa = PBXFileReference; includeInIndex = 1; lastKnownFileType = sourcecode.swift; path = ../ViewModels/ParticipantViewModel.swift; sourceTree = "<group>"; };
		51A0C5FF44AA00B94F0ABC14 /* PermitListView.swift */ = {isa = PBXFileReference; includeInIndex = 1; lastKnownFileType = sourcecode.swift; path = ../Views/Logistics/Permits/PermitListView.swift; sourceTree = "<group>"; };
		53F8F49FB58474374C87E0C8 /* ContactDetailView.swift */ = {isa = PBXFileReference; includeInIndex = 1; lastKnownFileType = sourcecode.swift; path = ../Views/Logistics/Contacts/ContactDetailView.swift; sourceTree = "<group>"; };
		5552BA5C06A302D245BA3672 /* PermitTests.swift */ = {isa = PBXFileReference; includeInIndex = 1; lastKnownFileType = sourcecode.swift; path = PermitTests.swift; sourceTree = "<group>"; };
		5D5151A65F2947A0FA54D821 /* WeatherViewModel.swift */ = {isa = PBXFileReference; includeInIndex = 1; lastKnownFileType = sourcecode.swift; path = WeatherViewModel.swift; sourceTree = "<group>"; };
		5E6C15CE83AC38C6CF3D5954 /* ShelterDetailView.swift */ = {isa = PBXFileReference; includeInIndex = 1; lastKnownFileType = sourcecode.swift; path = ShelterDetailView.swift; sourceTree = "<group>"; };
		5E72D58DB17708CFF27CE1FB /* InsurancePolicyDetailView.swift */ = {isa = PBXFileReference; includeInIndex = 1; lastKnownFileType = sourcecode.swift; path = InsurancePolicyDetailView.swift; sourceTree = "<group>"; };
		60B9BBEA0060C806CC82259D /* PermitFormView.swift */ = {isa = PBXFileReference; includeInIndex = 1; lastKnownFileType = sourcecode.swift; path = ../Views/Logistics/Permits/PermitFormView.swift; sourceTree = "<group>"; };
		62A3DD0568D5FB2AF37AA4E4 /* ShelterListView.swift */ = {isa = PBXFileReference; includeInIndex = 1; lastKnownFileType = sourcecode.swift; path = ShelterListView.swift; sourceTree = "<group>"; };
		68C05A1EE532F355330D8DA1 /* BudgetViewModel.swift */ = {isa = PBXFileReference; includeInIndex = 1; lastKnownFileType = sourcecode.swift; path = ../ViewModels/BudgetViewModel.swift; sourceTree = "<group>"; };
		68E92BDDB7AEFED01271D196 /* InsurancePolicy.swift */ = {isa = PBXFileReference; lastKnownFileType = sourcecode.swift; path = InsurancePolicy.swift; sourceTree = "<group>"; };
		6ECAA25E019B53031A2B27FC /* CSVExportService.swift */ = {isa = PBXFileReference; includeInIndex = 1; lastKnownFileType = sourcecode.swift; path = ../Services/CSVExportService.swift; sourceTree = "<group>"; };
		7CAA145005D9C1328FCCE90C /* RiskAssessmentTests.swift */ = {isa = PBXFileReference; includeInIndex = 1; lastKnownFileType = sourcecode.swift; path = RiskAssessmentTests.swift; sourceTree = "<group>"; };
		80D45F2FC3782BADD746A22B /* BudgetItemFormView.swift */ = {isa = PBXFileReference; includeInIndex = 1; lastKnownFileType = sourcecode.swift; path = ../Views/Budget/BudgetItemFormView.swift; sourceTree = "<group>"; };
		856BCE3A7D33E4FA6D1AFD44 /* ParticipantDetailView.swift */ = {isa = PBXFileReference; includeInIndex = 1; lastKnownFileType = sourcecode.swift; path = ../Views/Logistics/Participants/ParticipantDetailView.swift; sourceTree = "<group>"; };
		870068EBAAFFD661A688E177 /* SyncStatusView.swift */ = {isa = PBXFileReference; includeInIndex = 1; lastKnownFileType = sourcecode.swift; path = SyncStatusView.swift; sourceTree = "<group>"; };
		891B27DD79F8EB983B3174C1 /* BudgetListView.swift */ = {isa = PBXFileReference; includeInIndex = 1; lastKnownFileType = sourcecode.swift; path = ../Views/Budget/BudgetListView.swift; sourceTree = "<group>"; };
		8C4CF6231BB178A3DE617DC2 /* DayWeatherGroupBox.swift */ = {isa = PBXFileReference; includeInIndex = 1; lastKnownFileType = sourcecode.swift; path = DayWeatherGroupBox.swift; sourceTree = "<group>"; };
		8DD483224C02737F12235F86 /* GearItemTests.swift */ = {isa = PBXFileReference; includeInIndex = 1; lastKnownFileType = sourcecode.swift; path = GearItemTests.swift; sourceTree = "<group>"; };
		8E7E3C130067A7AA87459DD0 /* WeightSummaryView.swift */ = {isa = PBXFileReference; includeInIndex = 1; lastKnownFileType = sourcecode.swift; path = WeightSummaryView.swift; sourceTree = "<group>"; };
		92318202FC80142AFC622A3E /* ShelterFormView.swift */ = {isa = PBXFileReference; includeInIndex = 1; lastKnownFileType = sourcecode.swift; path = ShelterFormView.swift; sourceTree = "<group>"; };
		9466AF824266C9E22E26D382 /* SyncStatusService.swift */ = {isa = PBXFileReference; includeInIndex = 1; lastKnownFileType = sourcecode.swift; path = SyncStatusService.swift; sourceTree = "<group>"; };
		952B6E770951CDC5A814EB29 /* ResupplyListView.swift */ = {isa = PBXFileReference; includeInIndex = 1; lastKnownFileType = sourcecode.swift; path = ../Views/Logistics/Resupply/ResupplyListView.swift; sourceTree = "<group>"; };
		953CFB3C4F714B47108640E3 /* Shelter.swift */ = {isa = PBXFileReference; lastKnownFileType = sourcecode.swift; path = Shelter.swift; sourceTree = "<group>"; };
		9B695CF83D907365368C6CE8 /* ResupplyViewModel.swift */ = {isa = PBXFileReference; includeInIndex = 1; lastKnownFileType = sourcecode.swift; path = ../ViewModels/ResupplyViewModel.swift; sourceTree = "<group>"; };
		A2E3C94F08CF7709C8B84434 /* ParticipantListView.swift */ = {isa = PBXFileReference; includeInIndex = 1; lastKnownFileType = sourcecode.swift; path = ../Views/Logistics/Participants/ParticipantListView.swift; sourceTree = "<group>"; };
		A7631BA38E8C85AB43FAB7FD /* GearViewModel.swift */ = {isa = PBXFileReference; includeInIndex = 1; lastKnownFileType = sourcecode.swift; path = GearViewModel.swift; sourceTree = "<group>"; };
		B0136F567FEF4A9E645C0B0B /* GearItemFormView.swift */ = {isa = PBXFileReference; includeInIndex = 1; lastKnownFileType = sourcecode.swift; path = GearItemFormView.swift; sourceTree = "<group>"; };
		C4CC970EF31F11B723572AD0 /* GearRowView.swift */ = {isa = PBXFileReference; includeInIndex = 1; lastKnownFileType = sourcecode.swift; path = GearRowView.swift; sourceTree = "<group>"; };
		C512B137A913FAAF4A29C0C7 /* PDFExportService.swift */ = {isa = PBXFileReference; includeInIndex = 1; lastKnownFileType = sourcecode.swift; path = ../Services/PDFExportService.swift; sourceTree = "<group>"; };
		C82CF15D4837783B7112C44B /* PermitRowView.swift */ = {isa = PBXFileReference; includeInIndex = 1; lastKnownFileType = sourcecode.swift; path = ../Views/Logistics/Permits/PermitRowView.swift; sourceTree = "<group>"; };
		CFE4C70C8F614AF34A5505A5 /* ContactRowView.swift */ = {isa = PBXFileReference; includeInIndex = 1; lastKnownFileType = sourcecode.swift; path = ../Views/Logistics/Contacts/ContactRowView.swift; sourceTree = "<group>"; };
		D084EDF6F0A6D4580D88A9A7 /* ContactViewModel.swift */ = {isa = PBXFileReference; includeInIndex = 1; lastKnownFileType = sourcecode.swift; path = ../ViewModels/ContactViewModel.swift; sourceTree = "<group>"; };
		D10F30939006C038063EA0D9 /* WeatherForecast.swift */ = {isa = PBXFileReference; lastKnownFileType = sourcecode.swift; path = WeatherForecast.swift; sourceTree = "<group>"; };
		D1378969E397E8702EC17877 /* ExpeditionTests.swift */ = {isa = PBXFileReference; includeInIndex = 1; lastKnownFileType = sourcecode.swift; path = ExpeditionTests.swift; sourceTree = "<group>"; };
		D24F7CCF9E0A973BE0A30699 /* ResupplyFormView.swift */ = {isa = PBXFileReference; includeInIndex = 1; lastKnownFileType = sourcecode.swift; path = ../Views/Logistics/Resupply/ResupplyFormView.swift; sourceTree = "<group>"; };
		D5CDB4E5EE621043FC53681E /* BudgetItemTests.swift */ = {isa = PBXFileReference; includeInIndex = 1; lastKnownFileType = sourcecode.swift; path = BudgetItemTests.swift; sourceTree = "<group>"; };
		D9990431B8384CA2672FF2A4 /* ResupplyDetailView.swift */ = {isa = PBXFileReference; includeInIndex = 1; lastKnownFileType = sourcecode.swift; path = ../Views/Logistics/Resupply/ResupplyDetailView.swift; sourceTree = "<group>"; };
		DB044253DE60443329BB0042 /* ParticipantFormView.swift */ = {isa = PBXFileReference; includeInIndex = 1; lastKnownFileType = sourcecode.swift; path = ../Views/Logistics/Participants/ParticipantFormView.swift; sourceTree = "<group>"; };
		EA077565D623286EDDB1D9A6 /* ExpeditionPlannerTests.xctest */ = {isa = PBXFileReference; explicitFileType = wrapper.cfbundle; includeInIndex = 0; path = ExpeditionPlannerTests.xctest; sourceTree = BUILT_PRODUCTS_DIR; };
		EAF1E024A6E21347C44900D5 /* WeatherSectionView.swift */ = {isa = PBXFileReference; includeInIndex = 1; lastKnownFileType = sourcecode.swift; path = WeatherSectionView.swift; sourceTree = "<group>"; };
		F06524D6F730DD87F845552C /* GearListView.swift */ = {isa = PBXFileReference; includeInIndex = 1; lastKnownFileType = sourcecode.swift; path = GearListView.swift; sourceTree = "<group>"; };
		F838156F315826CE7A62ED8E /* SyncStatusTests.swift */ = {isa = PBXFileReference; includeInIndex = 1; lastKnownFileType = sourcecode.swift; path = SyncStatusTests.swift; sourceTree = "<group>"; };
		FA0CA53E3DB6A03FE588B6DC /* ResupplyRowView.swift */ = {isa = PBXFileReference; includeInIndex = 1; lastKnownFileType = sourcecode.swift; path = ../Views/Logistics/Resupply/ResupplyRowView.swift; sourceTree = "<group>"; };
		FC690067BE946357BB56A4A6 /* PermitDetailView.swift */ = {isa = PBXFileReference; includeInIndex = 1; lastKnownFileType = sourcecode.swift; path = ../Views/Logistics/Permits/PermitDetailView.swift; sourceTree = "<group>"; };
		LL101 /* LakeLouiseService.swift */ = {isa = PBXFileReference; lastKnownFileType = sourcecode.swift; path = LakeLouiseService.swift; sourceTree = "<group>"; };
		LL102 /* LakeLouiseScoreView.swift */ = {isa = PBXFileReference; lastKnownFileType = sourcecode.swift; path = LakeLouiseScoreView.swift; sourceTree = "<group>"; };
		LLT101 /* LakeLouiseServiceTests.swift */ = {isa = PBXFileReference; lastKnownFileType = sourcecode.swift; path = LakeLouiseServiceTests.swift; sourceTree = "<group>"; };
		P2101 /* ElevationService.swift */ = {isa = PBXFileReference; lastKnownFileType = sourcecode.swift; path = ElevationService.swift; sourceTree = "<group>"; };
		P2102 /* ItineraryViewModel.swift */ = {isa = PBXFileReference; lastKnownFileType = sourcecode.swift; path = ItineraryViewModel.swift; sourceTree = "<group>"; };
		P2103 /* DayFormViewModel.swift */ = {isa = PBXFileReference; lastKnownFileType = sourcecode.swift; path = DayFormViewModel.swift; sourceTree = "<group>"; };
		P2104 /* ItineraryView.swift */ = {isa = PBXFileReference; lastKnownFileType = sourcecode.swift; path = ItineraryView.swift; sourceTree = "<group>"; };
		P2105 /* ItineraryDayRowView.swift */ = {isa = PBXFileReference; lastKnownFileType = sourcecode.swift; path = ItineraryDayRowView.swift; sourceTree = "<group>"; };
		P2106 /* DayFormView.swift */ = {isa = PBXFileReference; lastKnownFileType = sourcecode.swift; path = DayFormView.swift; sourceTree = "<group>"; };
		P2107 /* DayDetailView.swift */ = {isa = PBXFileReference; lastKnownFileType = sourcecode.swift; path = DayDetailView.swift; sourceTree = "<group>"; };
		P2108 /* ElevationChartView.swift */ = {isa = PBXFileReference; lastKnownFileType = sourcecode.swift; path = ElevationChartView.swift; sourceTree = "<group>"; };
		P2109 /* ElevationInputView.swift */ = {isa = PBXFileReference; lastKnownFileType = sourcecode.swift; path = ElevationInputView.swift; sourceTree = "<group>"; };
		P2110 /* LocationPickerView.swift */ = {isa = PBXFileReference; lastKnownFileType = sourcecode.swift; path = LocationPickerView.swift; sourceTree = "<group>"; };
		P2111 /* ActivityTypePicker.swift */ = {isa = PBXFileReference; lastKnownFileType = sourcecode.swift; path = ActivityTypePicker.swift; sourceTree = "<group>"; };
		P2112 /* AcclimatizationWarningView.swift */ = {isa = PBXFileReference; lastKnownFileType = sourcecode.swift; path = AcclimatizationWarningView.swift; sourceTree = "<group>"; };
		P2T101 /* ElevationServiceTests.swift */ = {isa = PBXFileReference; lastKnownFileType = sourcecode.swift; path = ElevationServiceTests.swift; sourceTree = "<group>"; };
		P2T102 /* ItineraryViewModelTests.swift */ = {isa = PBXFileReference; lastKnownFileType = sourcecode.swift; path = ItineraryViewModelTests.swift; sourceTree = "<group>"; };
		RM101 /* DistanceService.swift */ = {isa = PBXFileReference; lastKnownFileType = sourcecode.swift; path = DistanceService.swift; sourceTree = "<group>"; };
		RM102 /* RouteService.swift */ = {isa = PBXFileReference; lastKnownFileType = sourcecode.swift; path = RouteService.swift; sourceTree = "<group>"; };
		RM103 /* GPXService.swift */ = {isa = PBXFileReference; lastKnownFileType = sourcecode.swift; path = GPXService.swift; sourceTree = "<group>"; };
		RM104 /* RouteMapViewModel.swift */ = {isa = PBXFileReference; lastKnownFileType = sourcecode.swift; path = RouteMapViewModel.swift; sourceTree = "<group>"; };
		RM105 /* RouteMapView.swift */ = {isa = PBXFileReference; lastKnownFileType = sourcecode.swift; path = RouteMapView.swift; sourceTree = "<group>"; };
		RM106 /* WaypointMarkerView.swift */ = {isa = PBXFileReference; lastKnownFileType = sourcecode.swift; path = WaypointMarkerView.swift; sourceTree = "<group>"; };
		RM107 /* WaypointDetailSheet.swift */ = {isa = PBXFileReference; lastKnownFileType = sourcecode.swift; path = WaypointDetailSheet.swift; sourceTree = "<group>"; };
		RM108 /* RouteMapOverlayView.swift */ = {isa = PBXFileReference; lastKnownFileType = sourcecode.swift; path = RouteMapOverlayView.swift; sourceTree = "<group>"; };
		RM109 /* GPXImportView.swift */ = {isa = PBXFileReference; lastKnownFileType = sourcecode.swift; path = GPXImportView.swift; sourceTree = "<group>"; };
		RM110 /* LocationManager.swift */ = {isa = PBXFileReference; lastKnownFileType = sourcecode.swift; path = LocationManager.swift; sourceTree = "<group>"; };
		RM111 /* ShelterService.swift */ = {isa = PBXFileReference; lastKnownFileType = sourcecode.swift; path = ShelterService.swift; sourceTree = "<group>"; };
		RM112 /* MapCacheService.swift */ = {isa = PBXFileReference; lastKnownFileType = sourcecode.swift; path = MapCacheService.swift; sourceTree = "<group>"; };
		RM113 /* RouteMapSheets.swift */ = {isa = PBXFileReference; lastKnownFileType = sourcecode.swift; path = RouteMapSheets.swift; sourceTree = "<group>"; };
		RMT101 /* DistanceServiceTests.swift */ = {isa = PBXFileReference; lastKnownFileType = sourcecode.swift; path = DistanceServiceTests.swift; sourceTree = "<group>"; };
		RMT102 /* GPXServiceTests.swift */ = {isa = PBXFileReference; lastKnownFileType = sourcecode.swift; path = GPXServiceTests.swift; sourceTree = "<group>"; };
		RMT103 /* RouteServiceTests.swift */ = {isa = PBXFileReference; lastKnownFileType = sourcecode.swift; path = RouteServiceTests.swift; sourceTree = "<group>"; };
/* End PBXFileReference section */

/* Begin PBXFrameworksBuildPhase section */
		200 /* Frameworks */ = {
			isa = PBXFrameworksBuildPhase;
			buildActionMask = 2147483647;
			files = (
			);
			runOnlyForDeploymentPostprocessing = 0;
		};
		C8F9D365EA68CD90272746FB /* Frameworks */ = {
			isa = PBXFrameworksBuildPhase;
			buildActionMask = 2147483647;
			files = (
				DB32E85BF1A78FFBF77F5C6C /* Foundation.framework in Frameworks */,
			);
			runOnlyForDeploymentPostprocessing = 0;
		};
/* End PBXFrameworksBuildPhase section */

/* Begin PBXGroup section */
		25B0C4C61BC1071FE8F0CCE6 /* iOS */ = {
			isa = PBXGroup;
			children = (
				420ACEE4498D5E1FBCDC913E /* Foundation.framework */,
			);
			name = iOS;
			sourceTree = "<group>";
		};
		300 = {
			isa = PBXGroup;
			children = (
				301 /* ExpeditionPlanner */,
				302 /* Products */,
				674694AFC050B4333F9E2D14 /* Frameworks */,
				E15B06024986D9ABCBBC5CF8 /* ExpeditionPlannerTests */,
			);
			sourceTree = "<group>";
		};
		301 /* ExpeditionPlanner */ = {
			isa = PBXGroup;
			children = (
				101 /* ExpeditionPlannerApp.swift */,
				102 /* ContentView.swift */,
				118 /* ExpeditionPlanner.entitlements */,
				119 /* Info.plist */,
				303 /* Models */,
				304 /* Views */,
				305 /* Utilities */,
				BCBD4D347997095576824E40 /* Services */,
				P2VM /* ViewModels */,
			);
			path = ExpeditionPlanner;
			sourceTree = "<group>";
		};
		302 /* Products */ = {
			isa = PBXGroup;
			children = (
				100 /* ExpeditionPlanner.app */,
				EA077565D623286EDDB1D9A6 /* ExpeditionPlannerTests.xctest */,
			);
			name = Products;
			sourceTree = "<group>";
		};
		303 /* Models */ = {
			isa = PBXGroup;
			children = (
				103 /* Expedition.swift */,
				104 /* ItineraryDay.swift */,
				105 /* GearItem.swift */,
				106 /* Participant.swift */,
				107 /* Contact.swift */,
				108 /* ResupplyPoint.swift */,
				109 /* Permit.swift */,
				110 /* BudgetItem.swift */,
				111 /* RiskAssessment.swift */,
				68E92BDDB7AEFED01271D196 /* InsurancePolicy.swift */,
				953CFB3C4F714B47108640E3 /* Shelter.swift */,
				D10F30939006C038063EA0D9 /* WeatherForecast.swift */,
				47705312316727090D596DF1 /* HistoricalClimate.swift */,
			);
			path = Models;
			sourceTree = "<group>";
		};
		304 /* Views */ = {
			isa = PBXGroup;
			children = (
				306 /* Expeditions */,
				307 /* Settings */,
				D45F1224F8E4F52D45D017E2 /* Components */,
				P2IT /* Itinerary */,
				RMMAP /* Map */,
				96C85AA3DD7D51A9EB063CDD /* Safety */,
				DC481E6BF63F4D46704E27FC /* Gear */,
				664DCFBF3928664B5F573148 /* Budget */,
				BAC6D6D06D2EEEC1487E66C6 /* Logistics */,
			);
			path = Views;
			sourceTree = "<group>";
		};
		305 /* Utilities */ = {
			isa = PBXGroup;
			children = (
				116 /* Extensions.swift */,
				117 /* Constants.swift */,
			);
			path = Utilities;
			sourceTree = "<group>";
		};
		306 /* Expeditions */ = {
			isa = PBXGroup;
			children = (
				112 /* ExpeditionListView.swift */,
				113 /* ExpeditionDetailView.swift */,
				114 /* ExpeditionFormView.swift */,
			);
			path = Expeditions;
			sourceTree = "<group>";
		};
		307 /* Settings */ = {
			isa = PBXGroup;
			children = (
				115 /* SettingsView.swift */,
			);
			path = Settings;
			sourceTree = "<group>";
		};
		664DCFBF3928664B5F573148 /* Budget */ = {
			isa = PBXGroup;
			children = (
				891B27DD79F8EB983B3174C1 /* BudgetListView.swift */,
				3620B6287A001ED5CFD199FD /* BudgetRowView.swift */,
				80D45F2FC3782BADD746A22B /* BudgetItemFormView.swift */,
				3A75D81BD6B24C84B3179692 /* BudgetSummaryView.swift */,
			);
			name = Budget;
			sourceTree = "<group>";
		};
		674694AFC050B4333F9E2D14 /* Frameworks */ = {
			isa = PBXGroup;
			children = (
				25B0C4C61BC1071FE8F0CCE6 /* iOS */,
			);
			name = Frameworks;
			sourceTree = "<group>";
		};
		96C85AA3DD7D51A9EB063CDD /* Safety */ = {
			isa = PBXGroup;
			children = (
				3DDF2373A32170A2DE1FCD9E /* InsuranceListView.swift */,
				0FDBF6E9789DB98ADD88CDD5 /* InsurancePolicyFormView.swift */,
				5E72D58DB17708CFF27CE1FB /* InsurancePolicyDetailView.swift */,
			);
			name = Safety;
			path = Safety;
			sourceTree = "<group>";
		};
		B51654DBF2DD69B85B49B067 /* Participants */ = {
			isa = PBXGroup;
			children = (
				A2E3C94F08CF7709C8B84434 /* ParticipantListView.swift */,
				3A1FC338C8D0EFE57DAB06FC /* ParticipantRowView.swift */,
				DB044253DE60443329BB0042 /* ParticipantFormView.swift */,
				856BCE3A7D33E4FA6D1AFD44 /* ParticipantDetailView.swift */,
			);
			name = Participants;
			sourceTree = "<group>";
		};
		BAC6D6D06D2EEEC1487E66C6 /* Logistics */ = {
			isa = PBXGroup;
			children = (
				B51654DBF2DD69B85B49B067 /* Participants */,
				BCCC14DAD2EBE25BC6A1C428 /* Contacts */,
				F47CC2DC52BE28B75DA6E44F /* Permits */,
				DB65F48537A7F149171794BD /* Resupply */,
			);
			name = Logistics;
			sourceTree = "<group>";
		};
		BCBD4D347997095576824E40 /* Services */ = {
			isa = PBXGroup;
			children = (
				9466AF824266C9E22E26D382 /* SyncStatusService.swift */,
				P2101 /* ElevationService.swift */,
				LL101 /* LakeLouiseService.swift */,
				RM101 /* DistanceService.swift */,
				RM102 /* RouteService.swift */,
				RM103 /* GPXService.swift */,
				RM110 /* LocationManager.swift */,
				RM111 /* ShelterService.swift */,
				RM112 /* MapCacheService.swift */,
				27F28D321016A515D0131114 /* WeatherService.swift */,
				C512B137A913FAAF4A29C0C7 /* PDFExportService.swift */,
				6ECAA25E019B53031A2B27FC /* CSVExportService.swift */,
			);
			path = Services;
			sourceTree = "<group>";
		};
		BCCC14DAD2EBE25BC6A1C428 /* Contacts */ = {
			isa = PBXGroup;
			children = (
				20A34FDFEB22A2ECDFEE5051 /* ContactListView.swift */,
				CFE4C70C8F614AF34A5505A5 /* ContactRowView.swift */,
				3E838034CAE71A826A816B58 /* ContactFormView.swift */,
				53F8F49FB58474374C87E0C8 /* ContactDetailView.swift */,
			);
			name = Contacts;
			sourceTree = "<group>";
		};
		D45F1224F8E4F52D45D017E2 /* Components */ = {
			isa = PBXGroup;
			children = (
				870068EBAAFFD661A688E177 /* SyncStatusView.swift */,
			);
			path = Components;
			sourceTree = "<group>";
		};
		DB65F48537A7F149171794BD /* Resupply */ = {
			isa = PBXGroup;
			children = (
				952B6E770951CDC5A814EB29 /* ResupplyListView.swift */,
				FA0CA53E3DB6A03FE588B6DC /* ResupplyRowView.swift */,
				D24F7CCF9E0A973BE0A30699 /* ResupplyFormView.swift */,
				D9990431B8384CA2672FF2A4 /* ResupplyDetailView.swift */,
			);
			name = Resupply;
			sourceTree = "<group>";
		};
		DC481E6BF63F4D46704E27FC /* Gear */ = {
			isa = PBXGroup;
			children = (
				F06524D6F730DD87F845552C /* GearListView.swift */,
				C4CC970EF31F11B723572AD0 /* GearRowView.swift */,
				B0136F567FEF4A9E645C0B0B /* GearItemFormView.swift */,
				8E7E3C130067A7AA87459DD0 /* WeightSummaryView.swift */,
			);
			name = Gear;
			path = Gear;
			sourceTree = "<group>";
		};
		E15B06024986D9ABCBBC5CF8 /* ExpeditionPlannerTests */ = {
			isa = PBXGroup;
			children = (
				7CAA145005D9C1328FCCE90C /* RiskAssessmentTests.swift */,
				8DD483224C02737F12235F86 /* GearItemTests.swift */,
				5552BA5C06A302D245BA3672 /* PermitTests.swift */,
				3BCF1EDCF7A127F6EFDB3C9C /* ItineraryDayTests.swift */,
				05DAF26198831311ED26B68A /* SettingsTests.swift */,
				D1378969E397E8702EC17877 /* ExpeditionTests.swift */,
				F838156F315826CE7A62ED8E /* SyncStatusTests.swift */,
				D5CDB4E5EE621043FC53681E /* BudgetItemTests.swift */,
				P2T101 /* ElevationServiceTests.swift */,
				P2T102 /* ItineraryViewModelTests.swift */,
				LLT101 /* LakeLouiseServiceTests.swift */,
				RMT101 /* DistanceServiceTests.swift */,
				RMT102 /* GPXServiceTests.swift */,
				RMT103 /* RouteServiceTests.swift */,
			);
			path = ExpeditionPlannerTests;
			sourceTree = "<group>";
		};
		F47CC2DC52BE28B75DA6E44F /* Permits */ = {
			isa = PBXGroup;
			children = (
				51A0C5FF44AA00B94F0ABC14 /* PermitListView.swift */,
				C82CF15D4837783B7112C44B /* PermitRowView.swift */,
				60B9BBEA0060C806CC82259D /* PermitFormView.swift */,
				FC690067BE946357BB56A4A6 /* PermitDetailView.swift */,
			);
			name = Permits;
			sourceTree = "<group>";
		};
		P2IT /* Itinerary */ = {
			isa = PBXGroup;
			children = (
				P2104 /* ItineraryView.swift */,
				P2105 /* ItineraryDayRowView.swift */,
				P2106 /* DayFormView.swift */,
				P2107 /* DayDetailView.swift */,
				P2108 /* ElevationChartView.swift */,
				P2109 /* ElevationInputView.swift */,
				P2110 /* LocationPickerView.swift */,
				P2111 /* ActivityTypePicker.swift */,
				P2112 /* AcclimatizationWarningView.swift */,
				LL102 /* LakeLouiseScoreView.swift */,
				20E01CD7265998A303456854 /* DayWeatherCard.swift */,
				EAF1E024A6E21347C44900D5 /* WeatherSectionView.swift */,
				8C4CF6231BB178A3DE617DC2 /* DayWeatherGroupBox.swift */,
			);
			path = Itinerary;
			sourceTree = "<group>";
		};
		P2VM /* ViewModels */ = {
			isa = PBXGroup;
			children = (
				P2102 /* ItineraryViewModel.swift */,
				P2103 /* DayFormViewModel.swift */,
				RM104 /* RouteMapViewModel.swift */,
				1A976D9B7F821FC04903A551 /* InsuranceViewModel.swift */,
				19048C3A13B24CE36258073E /* ShelterViewModel.swift */,
				5D5151A65F2947A0FA54D821 /* WeatherViewModel.swift */,
				341D5CEB0D1625516B2B6D66 /* GearViewModel.swift */,
				A7631BA38E8C85AB43FAB7FD /* GearViewModel.swift */,
				49D3A01A76C33AA0E6F0FCDC /* ParticipantViewModel.swift */,
				D084EDF6F0A6D4580D88A9A7 /* ContactViewModel.swift */,
				48A2E1CFF6B84CBF61B1C050 /* PermitViewModel.swift */,
				9B695CF83D907365368C6CE8 /* ResupplyViewModel.swift */,
				68C05A1EE532F355330D8DA1 /* BudgetViewModel.swift */,
			);
			path = ViewModels;
			sourceTree = "<group>";
		};
		RMMAP /* Map */ = {
			isa = PBXGroup;
			children = (
				RM105 /* RouteMapView.swift */,
				RM106 /* WaypointMarkerView.swift */,
				RM107 /* WaypointDetailSheet.swift */,
				RM108 /* RouteMapOverlayView.swift */,
				RM109 /* GPXImportView.swift */,
				RM113 /* RouteMapSheets.swift */,
				62A3DD0568D5FB2AF37AA4E4 /* ShelterListView.swift */,
				92318202FC80142AFC622A3E /* ShelterFormView.swift */,
				5E6C15CE83AC38C6CF3D5954 /* ShelterDetailView.swift */,
			);
			path = Map;
			sourceTree = "<group>";
		};
/* End PBXGroup section */

/* Begin PBXNativeTarget section */
		400 /* ExpeditionPlanner */ = {
			isa = PBXNativeTarget;
			buildConfigurationList = 500 /* Build configuration list for PBXNativeTarget "ExpeditionPlanner" */;
			buildPhases = (
				401 /* Sources */,
				200 /* Frameworks */,
				402 /* Resources */,
			);
			buildRules = (
			);
			dependencies = (
			);
			name = ExpeditionPlanner;
			productName = ExpeditionPlanner;
			productReference = 100 /* ExpeditionPlanner.app */;
			productType = "com.apple.product-type.application";
		};
		9DA759BFAD1D8B43EA83980D /* ExpeditionPlannerTests */ = {
			isa = PBXNativeTarget;
			buildConfigurationList = 1DF70977324BA4F845C33AE4 /* Build configuration list for PBXNativeTarget "ExpeditionPlannerTests" */;
			buildPhases = (
				E24464E372CFFB1606ED73D8 /* Sources */,
				C8F9D365EA68CD90272746FB /* Frameworks */,
				CA0617D2EA8B4995F1D826D3 /* Resources */,
			);
			buildRules = (
			);
			dependencies = (
				B386A0D5CC84E65A7FD99B3D /* PBXTargetDependency */,
			);
			name = ExpeditionPlannerTests;
			productName = ExpeditionPlannerTests;
			productReference = EA077565D623286EDDB1D9A6 /* ExpeditionPlannerTests.xctest */;
			productType = "com.apple.product-type.bundle.unit-test";
		};
/* End PBXNativeTarget section */

/* Begin PBXProject section */
		600 /* Project object */ = {
			isa = PBXProject;
			attributes = {
				BuildIndependentTargetsInParallel = 1;
				LastSwiftUpdateCheck = 1500;
				LastUpgradeCheck = 1500;
				TargetAttributes = {
					400 = {
						CreatedOnToolsVersion = 15.0;
					};
				};
			};
			buildConfigurationList = 601 /* Build configuration list for PBXProject "ExpeditionPlanner" */;
			compatibilityVersion = "Xcode 14.0";
			developmentRegion = en;
			hasScannedForEncodings = 0;
			knownRegions = (
				en,
				Base,
			);
			mainGroup = 300;
			productRefGroup = 302 /* Products */;
			projectDirPath = "";
			projectRoot = "";
			targets = (
				400 /* ExpeditionPlanner */,
				9DA759BFAD1D8B43EA83980D /* ExpeditionPlannerTests */,
			);
		};
/* End PBXProject section */

/* Begin PBXResourcesBuildPhase section */
		402 /* Resources */ = {
			isa = PBXResourcesBuildPhase;
			buildActionMask = 2147483647;
			files = (
			);
			runOnlyForDeploymentPostprocessing = 0;
		};
		CA0617D2EA8B4995F1D826D3 /* Resources */ = {
			isa = PBXResourcesBuildPhase;
			buildActionMask = 2147483647;
			files = (
			);
			runOnlyForDeploymentPostprocessing = 0;
		};
/* End PBXResourcesBuildPhase section */

/* Begin PBXSourcesBuildPhase section */
		401 /* Sources */ = {
			isa = PBXSourcesBuildPhase;
			buildActionMask = 2147483647;
			files = (
				001 /* ExpeditionPlannerApp.swift in Sources */,
				002 /* ContentView.swift in Sources */,
				003 /* Expedition.swift in Sources */,
				004 /* ItineraryDay.swift in Sources */,
				005 /* GearItem.swift in Sources */,
				006 /* Participant.swift in Sources */,
				007 /* Contact.swift in Sources */,
				008 /* ResupplyPoint.swift in Sources */,
				009 /* Permit.swift in Sources */,
				010 /* BudgetItem.swift in Sources */,
				011 /* RiskAssessment.swift in Sources */,
				012 /* ExpeditionListView.swift in Sources */,
				013 /* ExpeditionDetailView.swift in Sources */,
				014 /* ExpeditionFormView.swift in Sources */,
				015 /* SettingsView.swift in Sources */,
				016 /* Extensions.swift in Sources */,
				017 /* Constants.swift in Sources */,
				0434DF32B009E858DC8E9A63 /* SyncStatusService.swift in Sources */,
				A17ABF512B802147EAAD8234 /* SyncStatusView.swift in Sources */,
				P2001 /* ElevationService.swift in Sources */,
				P2002 /* ItineraryViewModel.swift in Sources */,
				P2003 /* DayFormViewModel.swift in Sources */,
				P2004 /* ItineraryView.swift in Sources */,
				P2005 /* ItineraryDayRowView.swift in Sources */,
				P2006 /* DayFormView.swift in Sources */,
				P2007 /* DayDetailView.swift in Sources */,
				P2008 /* ElevationChartView.swift in Sources */,
				P2009 /* ElevationInputView.swift in Sources */,
				P2010 /* LocationPickerView.swift in Sources */,
				P2011 /* ActivityTypePicker.swift in Sources */,
				P2012 /* AcclimatizationWarningView.swift in Sources */,
				LL001 /* LakeLouiseService.swift in Sources */,
				LL002 /* LakeLouiseScoreView.swift in Sources */,
				RM001 /* DistanceService.swift in Sources */,
				RM002 /* RouteService.swift in Sources */,
				RM003 /* GPXService.swift in Sources */,
				RM004 /* RouteMapViewModel.swift in Sources */,
				RM005 /* RouteMapView.swift in Sources */,
				RM006 /* WaypointMarkerView.swift in Sources */,
				RM007 /* WaypointDetailSheet.swift in Sources */,
				RM008 /* RouteMapOverlayView.swift in Sources */,
				RM009 /* GPXImportView.swift in Sources */,
				RM010 /* LocationManager.swift in Sources */,
				RM011 /* ShelterService.swift in Sources */,
				RM012 /* MapCacheService.swift in Sources */,
				RM013 /* RouteMapSheets.swift in Sources */,
				589FAA86C9EE6EF81411A39D /* InsurancePolicy.swift in Sources */,
				F232F6609543E654078AD267 /* Shelter.swift in Sources */,
				5CC21C3CDC82C325E3270A9F /* WeatherForecast.swift in Sources */,
				C64659D0A5524695E1449305 /* HistoricalClimate.swift in Sources */,
				92A2EFDBCCD3955B58965169 /* InsuranceListView.swift in Sources */,
				30DAAED01F397756C2C2EFE6 /* InsurancePolicyFormView.swift in Sources */,
				9658AC370CEBDBC5BF55A1C9 /* InsurancePolicyDetailView.swift in Sources */,
				7B5DF9794AF9DCF6A9CE7E36 /* InsuranceViewModel.swift in Sources */,
				7E53B33845652D02CE5FC096 /* ShelterListView.swift in Sources */,
				88C4ECFBD2D5EF1B868418B7 /* ShelterFormView.swift in Sources */,
				7AC8DA71EDC18DA9E5060BEF /* ShelterDetailView.swift in Sources */,
				42B5FA5CD893B59B9EA3E35C /* ShelterViewModel.swift in Sources */,
				3BD05D2DBAC0F7C507B740DB /* WeatherService.swift in Sources */,
				AB378C09FDD37EDBF0EAD77E /* WeatherViewModel.swift in Sources */,
				5FDA49215E8CFAC4E534312D /* DayWeatherCard.swift in Sources */,
				FE46E478E7D733AA391D6C97 /* WeatherSectionView.swift in Sources */,
				99B78C126CB839E1BE762EC5 /* DayWeatherGroupBox.swift in Sources */,
				5F05E129F7D1B6435E233078 /* GearViewModel.swift in Sources */,
				995C9B3B4C43AC5ECAFC5C0F /* GearListView.swift in Sources */,
				A1276CA526054A3CFA3C6CFF /* GearRowView.swift in Sources */,
				B08C0A233ADDC7301F0BE8F6 /* GearItemFormView.swift in Sources */,
				F02F02E586F929B8DFA99DFC /* WeightSummaryView.swift in Sources */,
				64BADD0DC57BA65EA41AFC26 /* BudgetListView.swift in Sources */,
				BB0F4CB60B477009042ED4F3 /* BudgetRowView.swift in Sources */,
				D0EF35EF3BB9B87B42FFB895 /* BudgetItemFormView.swift in Sources */,
				545A185D43905CE68659B7A0 /* BudgetSummaryView.swift in Sources */,
				D8551DBA5958E7D6285F51A0 /* ParticipantListView.swift in Sources */,
				12D1237E0A95E3900EADD1F3 /* ParticipantRowView.swift in Sources */,
				216299D046B3EB3BDCB18A23 /* ParticipantFormView.swift in Sources */,
				F460DB2D6299AB4D2AFD2CB3 /* ParticipantDetailView.swift in Sources */,
				A038984F5B4E0CD105607A79 /* ContactListView.swift in Sources */,
				FCE358CE0B5A7860B5ED4780 /* ContactRowView.swift in Sources */,
				EAFA9239313F8B95F88193E7 /* ContactFormView.swift in Sources */,
				35D8A5A9D123FF0CFCC14D47 /* ContactDetailView.swift in Sources */,
				839D033CF69CA3466455B47E /* PermitListView.swift in Sources */,
				D20736F5A4CABB41BC40A0DD /* PermitRowView.swift in Sources */,
				572D98B22CC6532AB7627364 /* PermitFormView.swift in Sources */,
				1EEA31308684686E7B8DDF65 /* PermitDetailView.swift in Sources */,
				7B9052BA80EF036CC2107B18 /* ResupplyListView.swift in Sources */,
				B18A6BAB6161B0E4EF9EFBEB /* ResupplyRowView.swift in Sources */,
				B92022465767C646AD0815FF /* ResupplyFormView.swift in Sources */,
				A89CD27CE61E4585A3C15C92 /* ResupplyDetailView.swift in Sources */,
				AD6ED5D1E07BAA908FB94A78 /* ParticipantViewModel.swift in Sources */,
				5D31AA674A3496D0FD0CAF5C /* ContactViewModel.swift in Sources */,
				8D5F29D6CA94C27A34F6442E /* PermitViewModel.swift in Sources */,
				03CE01C72EC221C22AE9CBED /* ResupplyViewModel.swift in Sources */,
				20D7F65F2BB9EA66B7DCC9E5 /* BudgetViewModel.swift in Sources */,
				D35C54D296D064BE6CD08B59 /* PDFExportService.swift in Sources */,
				89B1255036CA3DF2223706C5 /* CSVExportService.swift in Sources */,
			);
			runOnlyForDeploymentPostprocessing = 0;
		};
		E24464E372CFFB1606ED73D8 /* Sources */ = {
			isa = PBXSourcesBuildPhase;
			buildActionMask = 2147483647;
			files = (
				4A6AFC24FCCB923BA219EAE7 /* RiskAssessmentTests.swift in Sources */,
				7F132CC562E2135D1F4A1CFB /* GearItemTests.swift in Sources */,
				1BEC93D511E36E74419B8317 /* PermitTests.swift in Sources */,
				ED5BF9CE473F11A025775732 /* ItineraryDayTests.swift in Sources */,
				B2603F6A5E66127766D22483 /* SettingsTests.swift in Sources */,
				E4C85E5AED5918E25D1C0F87 /* ExpeditionTests.swift in Sources */,
				16F203884CCD133A44A52959 /* SyncStatusTests.swift in Sources */,
				D0798DE893E88927B17C79FA /* BudgetItemTests.swift in Sources */,
				P2T01 /* ElevationServiceTests.swift in Sources */,
				P2T02 /* ItineraryViewModelTests.swift in Sources */,
				LLT01 /* LakeLouiseServiceTests.swift in Sources */,
				RMT01 /* DistanceServiceTests.swift in Sources */,
				RMT02 /* GPXServiceTests.swift in Sources */,
				RMT03 /* RouteServiceTests.swift in Sources */,
			);
			runOnlyForDeploymentPostprocessing = 0;
		};
/* End PBXSourcesBuildPhase section */

/* Begin PBXTargetDependency section */
		B386A0D5CC84E65A7FD99B3D /* PBXTargetDependency */ = {
			isa = PBXTargetDependency;
			name = ExpeditionPlanner;
			target = 400 /* ExpeditionPlanner */;
			targetProxy = 2B8E61F0D7FDD72C33590683 /* PBXContainerItemProxy */;
		};
/* End PBXTargetDependency section */

/* Begin XCBuildConfiguration section */
		07D6A3254FB31DC46B9FE68E /* Debug */ = {
			isa = XCBuildConfiguration;
			buildSettings = {
				BUNDLE_LOADER = "$(TEST_HOST)";
				CLANG_ENABLE_OBJC_WEAK = NO;
				CODE_SIGN_STYLE = Automatic;
				DEVELOPMENT_TEAM = "";
				GENERATE_INFOPLIST_FILE = YES;
				INFOPLIST_FILE = "";
				IPHONEOS_DEPLOYMENT_TARGET = 17.0;
				PRODUCT_BUNDLE_IDENTIFIER = com.expeditionplanner.tests;
				PRODUCT_NAME = ExpeditionPlannerTests;
				SDKROOT = iphoneos;
				SWIFT_VERSION = 5.0;
				TEST_HOST = "$(BUILT_PRODUCTS_DIR)/ExpeditionPlanner.app/$(BUNDLE_EXECUTABLE_FOLDER_PATH)/ExpeditionPlanner";
			};
			name = Debug;
		};
		56FD76EFA81462E5E1862F63 /* Release */ = {
			isa = XCBuildConfiguration;
			buildSettings = {
				BUNDLE_LOADER = "$(TEST_HOST)";
				CLANG_ENABLE_OBJC_WEAK = NO;
				CODE_SIGN_STYLE = Automatic;
				DEVELOPMENT_TEAM = "";
				GENERATE_INFOPLIST_FILE = YES;
				INFOPLIST_FILE = "";
				IPHONEOS_DEPLOYMENT_TARGET = 17.0;
				PRODUCT_BUNDLE_IDENTIFIER = com.expeditionplanner.tests;
				PRODUCT_NAME = ExpeditionPlannerTests;
				SDKROOT = iphoneos;
				SWIFT_VERSION = 5.0;
				TEST_HOST = "$(BUILT_PRODUCTS_DIR)/ExpeditionPlanner.app/$(BUNDLE_EXECUTABLE_FOLDER_PATH)/ExpeditionPlanner";
				VALIDATE_PRODUCT = YES;
			};
			name = Release;
		};
		700 /* Debug */ = {
			isa = XCBuildConfiguration;
			buildSettings = {
				ALWAYS_SEARCH_USER_PATHS = NO;
				ASSETCATALOG_COMPILER_GENERATE_SWIFT_ASSET_SYMBOL_EXTENSIONS = YES;
				CLANG_ANALYZER_NONNULL = YES;
				CLANG_ANALYZER_NUMBER_OBJECT_CONVERSION = YES_AGGRESSIVE;
				CLANG_CXX_LANGUAGE_STANDARD = "gnu++20";
				CLANG_ENABLE_MODULES = YES;
				CLANG_ENABLE_OBJC_ARC = YES;
				CLANG_ENABLE_OBJC_WEAK = YES;
				CLANG_WARN_BLOCK_CAPTURE_AUTORELEASING = YES;
				CLANG_WARN_BOOL_CONVERSION = YES;
				CLANG_WARN_COMMA = YES;
				CLANG_WARN_CONSTANT_CONVERSION = YES;
				CLANG_WARN_DEPRECATED_OBJC_IMPLEMENTATIONS = YES;
				CLANG_WARN_DIRECT_OBJC_ISA_USAGE = YES_ERROR;
				CLANG_WARN_DOCUMENTATION_COMMENTS = YES;
				CLANG_WARN_EMPTY_BODY = YES;
				CLANG_WARN_ENUM_CONVERSION = YES;
				CLANG_WARN_INFINITE_RECURSION = YES;
				CLANG_WARN_INT_CONVERSION = YES;
				CLANG_WARN_NON_LITERAL_NULL_CONVERSION = YES;
				CLANG_WARN_OBJC_IMPLICIT_RETAIN_SELF = YES;
				CLANG_WARN_OBJC_LITERAL_CONVERSION = YES;
				CLANG_WARN_OBJC_ROOT_CLASS = YES_ERROR;
				CLANG_WARN_QUOTED_INCLUDE_IN_FRAMEWORK_HEADER = YES;
				CLANG_WARN_RANGE_LOOP_ANALYSIS = YES;
				CLANG_WARN_STRICT_PROTOTYPES = YES;
				CLANG_WARN_SUSPICIOUS_MOVE = YES;
				CLANG_WARN_UNGUARDED_AVAILABILITY = YES_AGGRESSIVE;
				CLANG_WARN_UNREACHABLE_CODE = YES;
				CLANG_WARN__DUPLICATE_METHOD_MATCH = YES;
				COPY_PHASE_STRIP = NO;
				DEBUG_INFORMATION_FORMAT = dwarf;
				ENABLE_STRICT_OBJC_MSGSEND = YES;
				ENABLE_TESTABILITY = YES;
				ENABLE_USER_SCRIPT_SANDBOXING = YES;
				GCC_C_LANGUAGE_STANDARD = gnu17;
				GCC_DYNAMIC_NO_PIC = NO;
				GCC_NO_COMMON_BLOCKS = YES;
				GCC_OPTIMIZATION_LEVEL = 0;
				GCC_PREPROCESSOR_DEFINITIONS = (
					"DEBUG=1",
					"$(inherited)",
				);
				GCC_WARN_64_TO_32_BIT_CONVERSION = YES;
				GCC_WARN_ABOUT_RETURN_TYPE = YES_ERROR;
				GCC_WARN_UNDECLARED_SELECTOR = YES;
				GCC_WARN_UNINITIALIZED_AUTOS = YES_AGGRESSIVE;
				GCC_WARN_UNUSED_FUNCTION = YES;
				GCC_WARN_UNUSED_VARIABLE = YES;
				IPHONEOS_DEPLOYMENT_TARGET = 17.0;
				LOCALIZATION_PREFERS_STRING_CATALOGS = YES;
				MTL_ENABLE_DEBUG_INFO = INCLUDE_SOURCE;
				MTL_FAST_MATH = YES;
				ONLY_ACTIVE_ARCH = YES;
				SDKROOT = iphoneos;
				SWIFT_ACTIVE_COMPILATION_CONDITIONS = "DEBUG $(inherited)";
				SWIFT_OPTIMIZATION_LEVEL = "-Onone";
			};
			name = Debug;
		};
		701 /* Release */ = {
			isa = XCBuildConfiguration;
			buildSettings = {
				ALWAYS_SEARCH_USER_PATHS = NO;
				ASSETCATALOG_COMPILER_GENERATE_SWIFT_ASSET_SYMBOL_EXTENSIONS = YES;
				CLANG_ANALYZER_NONNULL = YES;
				CLANG_ANALYZER_NUMBER_OBJECT_CONVERSION = YES_AGGRESSIVE;
				CLANG_CXX_LANGUAGE_STANDARD = "gnu++20";
				CLANG_ENABLE_MODULES = YES;
				CLANG_ENABLE_OBJC_ARC = YES;
				CLANG_ENABLE_OBJC_WEAK = YES;
				CLANG_WARN_BLOCK_CAPTURE_AUTORELEASING = YES;
				CLANG_WARN_BOOL_CONVERSION = YES;
				CLANG_WARN_COMMA = YES;
				CLANG_WARN_CONSTANT_CONVERSION = YES;
				CLANG_WARN_DEPRECATED_OBJC_IMPLEMENTATIONS = YES;
				CLANG_WARN_DIRECT_OBJC_ISA_USAGE = YES_ERROR;
				CLANG_WARN_DOCUMENTATION_COMMENTS = YES;
				CLANG_WARN_EMPTY_BODY = YES;
				CLANG_WARN_ENUM_CONVERSION = YES;
				CLANG_WARN_INFINITE_RECURSION = YES;
				CLANG_WARN_INT_CONVERSION = YES;
				CLANG_WARN_NON_LITERAL_NULL_CONVERSION = YES;
				CLANG_WARN_OBJC_IMPLICIT_RETAIN_SELF = YES;
				CLANG_WARN_OBJC_LITERAL_CONVERSION = YES;
				CLANG_WARN_OBJC_ROOT_CLASS = YES_ERROR;
				CLANG_WARN_QUOTED_INCLUDE_IN_FRAMEWORK_HEADER = YES;
				CLANG_WARN_RANGE_LOOP_ANALYSIS = YES;
				CLANG_WARN_STRICT_PROTOTYPES = YES;
				CLANG_WARN_SUSPICIOUS_MOVE = YES;
				CLANG_WARN_UNGUARDED_AVAILABILITY = YES_AGGRESSIVE;
				CLANG_WARN_UNREACHABLE_CODE = YES;
				CLANG_WARN__DUPLICATE_METHOD_MATCH = YES;
				COPY_PHASE_STRIP = NO;
				DEBUG_INFORMATION_FORMAT = "dwarf-with-dsym";
				ENABLE_NS_ASSERTIONS = NO;
				ENABLE_STRICT_OBJC_MSGSEND = YES;
				ENABLE_USER_SCRIPT_SANDBOXING = YES;
				GCC_C_LANGUAGE_STANDARD = gnu17;
				GCC_NO_COMMON_BLOCKS = YES;
				GCC_WARN_64_TO_32_BIT_CONVERSION = YES;
				GCC_WARN_ABOUT_RETURN_TYPE = YES_ERROR;
				GCC_WARN_UNDECLARED_SELECTOR = YES;
				GCC_WARN_UNINITIALIZED_AUTOS = YES_AGGRESSIVE;
				GCC_WARN_UNUSED_FUNCTION = YES;
				GCC_WARN_UNUSED_VARIABLE = YES;
				IPHONEOS_DEPLOYMENT_TARGET = 17.0;
				LOCALIZATION_PREFERS_STRING_CATALOGS = YES;
				MTL_ENABLE_DEBUG_INFO = NO;
				MTL_FAST_MATH = YES;
				SDKROOT = iphoneos;
				SWIFT_COMPILATION_MODE = wholemodule;
				VALIDATE_PRODUCT = YES;
			};
			name = Release;
		};
		702 /* Debug */ = {
			isa = XCBuildConfiguration;
			buildSettings = {
				ASSETCATALOG_COMPILER_APPICON_NAME = AppIcon;
				ASSETCATALOG_COMPILER_GLOBAL_ACCENT_COLOR_NAME = AccentColor;
				CODE_SIGN_ENTITLEMENTS = ExpeditionPlanner/ExpeditionPlanner.entitlements;
				CODE_SIGN_STYLE = Automatic;
				CURRENT_PROJECT_VERSION = 1;
				DEVELOPMENT_ASSET_PATHS = "";
				DEVELOPMENT_TEAM = L8C6ADCNAP;
				ENABLE_PREVIEWS = YES;
				GENERATE_INFOPLIST_FILE = YES;
				INFOPLIST_FILE = ExpeditionPlanner/Info.plist;
				INFOPLIST_KEY_UIApplicationSceneManifest_Generation = YES;
				INFOPLIST_KEY_UIApplicationSupportsIndirectInputEvents = YES;
				INFOPLIST_KEY_UILaunchScreen_Generation = YES;
				INFOPLIST_KEY_UISupportedInterfaceOrientations_iPad = "UIInterfaceOrientationPortrait UIInterfaceOrientationPortraitUpsideDown UIInterfaceOrientationLandscapeLeft UIInterfaceOrientationLandscapeRight";
				INFOPLIST_KEY_UISupportedInterfaceOrientations_iPhone = "UIInterfaceOrientationPortrait UIInterfaceOrientationLandscapeLeft UIInterfaceOrientationLandscapeRight";
				LD_RUNPATH_SEARCH_PATHS = (
					"$(inherited)",
					"@executable_path/Frameworks",
				);
				MARKETING_VERSION = 1.0;
				PRODUCT_BUNDLE_IDENTIFIER = com.expedition.planner;
				PRODUCT_NAME = "$(TARGET_NAME)";
				SWIFT_EMIT_LOC_STRINGS = YES;
				SWIFT_VERSION = 5.0;
				TARGETED_DEVICE_FAMILY = "1,2";
			};
			name = Debug;
		};
		703 /* Release */ = {
			isa = XCBuildConfiguration;
			buildSettings = {
				ASSETCATALOG_COMPILER_APPICON_NAME = AppIcon;
				ASSETCATALOG_COMPILER_GLOBAL_ACCENT_COLOR_NAME = AccentColor;
				CODE_SIGN_ENTITLEMENTS = ExpeditionPlanner/ExpeditionPlanner.entitlements;
				CODE_SIGN_STYLE = Automatic;
				CURRENT_PROJECT_VERSION = 1;
				DEVELOPMENT_ASSET_PATHS = "";
				DEVELOPMENT_TEAM = L8C6ADCNAP;
				ENABLE_PREVIEWS = YES;
				GENERATE_INFOPLIST_FILE = YES;
				INFOPLIST_FILE = ExpeditionPlanner/Info.plist;
				INFOPLIST_KEY_UIApplicationSceneManifest_Generation = YES;
				INFOPLIST_KEY_UIApplicationSupportsIndirectInputEvents = YES;
				INFOPLIST_KEY_UILaunchScreen_Generation = YES;
				INFOPLIST_KEY_UISupportedInterfaceOrientations_iPad = "UIInterfaceOrientationPortrait UIInterfaceOrientationPortraitUpsideDown UIInterfaceOrientationLandscapeLeft UIInterfaceOrientationLandscapeRight";
				INFOPLIST_KEY_UISupportedInterfaceOrientations_iPhone = "UIInterfaceOrientationPortrait UIInterfaceOrientationLandscapeLeft UIInterfaceOrientationLandscapeRight";
				LD_RUNPATH_SEARCH_PATHS = (
					"$(inherited)",
					"@executable_path/Frameworks",
				);
				MARKETING_VERSION = 1.0;
				PRODUCT_BUNDLE_IDENTIFIER = com.expedition.planner;
				PRODUCT_NAME = "$(TARGET_NAME)";
				SWIFT_EMIT_LOC_STRINGS = YES;
				SWIFT_VERSION = 5.0;
				TARGETED_DEVICE_FAMILY = "1,2";
			};
			name = Release;
		};
/* End XCBuildConfiguration section */

/* Begin XCConfigurationList section */
		1DF70977324BA4F845C33AE4 /* Build configuration list for PBXNativeTarget "ExpeditionPlannerTests" */ = {
			isa = XCConfigurationList;
			buildConfigurations = (
				56FD76EFA81462E5E1862F63 /* Release */,
				07D6A3254FB31DC46B9FE68E /* Debug */,
			);
			defaultConfigurationIsVisible = 0;
			defaultConfigurationName = Release;
		};
		500 /* Build configuration list for PBXNativeTarget "ExpeditionPlanner" */ = {
			isa = XCConfigurationList;
			buildConfigurations = (
				702 /* Debug */,
				703 /* Release */,
			);
			defaultConfigurationIsVisible = 0;
			defaultConfigurationName = Release;
		};
		601 /* Build configuration list for PBXProject "ExpeditionPlanner" */ = {
			isa = XCConfigurationList;
			buildConfigurations = (
				700 /* Debug */,
				701 /* Release */,
			);
			defaultConfigurationIsVisible = 0;
			defaultConfigurationName = Release;
		};
/* End XCConfigurationList section */
	};
	rootObject = 600 /* Project object */;
}
